
Microsoft Visual Studio Solution File, Format Version 12.00
Project("{FAE04EC0-301F-11D3-BF4B-00C04F79EFBC}") = "WebApp", "WebApp\WebApp.csproj", "{1BBEC3C9-9010-4838-AE04-BDE0DBEA3116}"
EndProject
Global
	GlobalSection(SolutionConfigurationPlatforms) = preSolution
		Debug|Any CPU = Debug|Any CPU
		Release|Any CPU = Release|Any CPU
	EndGlobalSection
	GlobalSection(ProjectConfigurationPlatforms) = postSolution
		{1BBEC3C9-9010-4838-AE04-BDE0DBEA3116}.Debug|Any CPU.ActiveCfg = Debug|Any CPU
		{1BBEC3C9-9010-4838-AE04-BDE0DBEA3116}.Debug|Any CPU.Build.0 = Debug|Any CPU
		{1BBEC3C9-9010-4838-AE04-BDE0DBEA3116}.Release|Any CPU.ActiveCfg = Release|Any CPU
		{1BBEC3C9-9010-4838-AE04-BDE0DBEA3116}.Release|Any CPU.Build.0 = Release|Any CPU
	EndGlobalSection
EndGlobal
